
Microsoft Visual Studio Solution File, Format Version 12.00
# Visual Studio Version 17
VisualStudioVersion = 17.9.34728.123
MinimumVisualStudioVersion = 10.0.40219.1
Project("{FAE04EC0-301F-11D3-BF4B-00C04F79EFBC}") = "Lab_indiv_1_cg", "Lab_indiv_1_cg\Lab_indiv_1_cg.csproj", "{4B2ABE10-895F-467F-AC6D-93BEC1EA1B29}"
EndProject
Global
	GlobalSection(SolutionConfigurationPlatforms) = preSolution
		Debug|Any CPU = Debug|Any CPU
		Release|Any CPU = Release|Any CPU
	EndGlobalSection
	GlobalSection(ProjectConfigurationPlatforms) = postSolution
		{4B2ABE10-895F-467F-AC6D-93BEC1EA1B29}.Debug|Any CPU.ActiveCfg = Debug|Any CPU
		{4B2ABE10-895F-467F-AC6D-93BEC1EA1B29}.Debug|Any CPU.Build.0 = Debug|Any CPU
		{4B2ABE10-895F-467F-AC6D-93BEC1EA1B29}.Release|Any CPU.ActiveCfg = Release|Any CPU
		{4B2ABE10-895F-467F-AC6D-93BEC1EA1B29}.Release|Any CPU.Build.0 = Release|Any CPU
	EndGlobalSection
	GlobalSection(SolutionProperties) = preSolution
		HideSolutionNode = FALSE
	EndGlobalSection
	GlobalSection(ExtensibilityGlobals) = postSolution
		SolutionGuid = {D8BE1B3E-5D0C-40C4-9A74-2B5FF6512789}
	EndGlobalSection
EndGlobal
